// !$*UTF8*$!
{
	archiveVersion = 1;
	classes = {
	};
	objectVersion = 51;
	objects = {

/* Begin PBXBuildFile section */
		521A849A21FCEE06006120E8 /* DSConfigFileParserTest.m in Sources */ = {isa = PBXBuildFile; fileRef = 521A849921FCEE06006120E8 /* DSConfigFileParserTest.m */; };
		521A849C21FCEE80006120E8 /* JSONDict.json in Resources */ = {isa = PBXBuildFile; fileRef = 521A849B21FCEE80006120E8 /* JSONDict.json */; };
		521A849E21FCEED2006120E8 /* JSONList.json in Resources */ = {isa = PBXBuildFile; fileRef = 521A849D21FCEED2006120E8 /* JSONList.json */; };
		521A84A021FCF626006120E8 /* JSONBad in Resources */ = {isa = PBXBuildFile; fileRef = 521A849F21FCF626006120E8 /* JSONBad */; };
		521A84A821FE02BE006120E8 /* DSTransitionSceneController.m in Sources */ = {isa = PBXBuildFile; fileRef = 521A84A721FE02BE006120E8 /* DSTransitionSceneController.m */; };
		521A84A921FE02BE006120E8 /* DSTransitionSceneController.m in Sources */ = {isa = PBXBuildFile; fileRef = 521A84A721FE02BE006120E8 /* DSTransitionSceneController.m */; };
		521A84AA21FE0748006120E8 /* DSTransitionScene.m in Sources */ = {isa = PBXBuildFile; fileRef = 524402DE21ED65CF00B02D38 /* DSTransitionScene.m */; };
		521A84AC21FE0748006120E8 /* DSTransitionSceneController.m in Sources */ = {isa = PBXBuildFile; fileRef = 521A84A721FE02BE006120E8 /* DSTransitionSceneController.m */; };
		521A84AE21FE0748006120E8 /* LoadLevelScene.m in Sources */ = {isa = PBXBuildFile; fileRef = 52A90E2E21E2E71A00CC2643 /* LoadLevelScene.m */; };
		521A84AF21FE0748006120E8 /* DSInitScene.m in Sources */ = {isa = PBXBuildFile; fileRef = 527E7ACC21F016B90013E66A /* DSInitScene.m */; };
		521A84B021FE0748006120E8 /* DSAppDelegate.m in Sources */ = {isa = PBXBuildFile; fileRef = 52F1208821D7DD63008A7900 /* DSAppDelegate.m */; };
		521A84B121FE0748006120E8 /* GameScene.m in Sources */ = {isa = PBXBuildFile; fileRef = 52F1208F21D7DD63008A7900 /* GameScene.m */; };
		521A84B321FE07A8006120E8 /* DSTransitionSceneControllerTest.m in Sources */ = {isa = PBXBuildFile; fileRef = 521A84B221FE07A8006120E8 /* DSTransitionSceneControllerTest.m */; };
		524402DF21ED65CF00B02D38 /* DSTransitionScene.m in Sources */ = {isa = PBXBuildFile; fileRef = 524402DE21ED65CF00B02D38 /* DSTransitionScene.m */; };
		524402E021ED65CF00B02D38 /* DSTransitionScene.m in Sources */ = {isa = PBXBuildFile; fileRef = 524402DE21ED65CF00B02D38 /* DSTransitionScene.m */; };
		525FC91F22888202007F4793 /* DSSharedTransitionSceneController.m in Sources */ = {isa = PBXBuildFile; fileRef = 525FC91E22888202007F4793 /* DSSharedTransitionSceneController.m */; };
		525FC92022888202007F4793 /* DSSharedTransitionSceneController.m in Sources */ = {isa = PBXBuildFile; fileRef = 525FC91E22888202007F4793 /* DSSharedTransitionSceneController.m */; };
		525FC92122888202007F4793 /* DSSharedTransitionSceneController.m in Sources */ = {isa = PBXBuildFile; fileRef = 525FC91E22888202007F4793 /* DSSharedTransitionSceneController.m */; };
		527E7ACD21F016B90013E66A /* DSInitScene.m in Sources */ = {isa = PBXBuildFile; fileRef = 527E7ACC21F016B90013E66A /* DSInitScene.m */; };
		527E7ACE21F016B90013E66A /* DSInitScene.m in Sources */ = {isa = PBXBuildFile; fileRef = 527E7ACC21F016B90013E66A /* DSInitScene.m */; };
		52A90E2F21E2E71A00CC2643 /* LoadLevelScene.m in Sources */ = {isa = PBXBuildFile; fileRef = 52A90E2E21E2E71A00CC2643 /* LoadLevelScene.m */; };
		52A90E3021E2E71A00CC2643 /* LoadLevelScene.m in Sources */ = {isa = PBXBuildFile; fileRef = 52A90E2E21E2E71A00CC2643 /* LoadLevelScene.m */; };
		52A90E3421E2E8A700CC2643 /* DSConfigFileParser.m in Sources */ = {isa = PBXBuildFile; fileRef = 52A90E3321E2E8A700CC2643 /* DSConfigFileParser.m */; };
		52A90E3621E2E8A700CC2643 /* DSConfigFileParser.m in Sources */ = {isa = PBXBuildFile; fileRef = 52A90E3321E2E8A700CC2643 /* DSConfigFileParser.m */; };
		52A90E3721E2E8A700CC2643 /* DSConfigFileParser.m in Sources */ = {isa = PBXBuildFile; fileRef = 52A90E3321E2E8A700CC2643 /* DSConfigFileParser.m */; };
		52A90E3C21E2F11100CC2643 /* GameScene.m in Sources */ = {isa = PBXBuildFile; fileRef = 52F1208F21D7DD63008A7900 /* GameScene.m */; };
		52A90E3E21E2F17D00CC2643 /* GameScene.sks in Resources */ = {isa = PBXBuildFile; fileRef = 52F1208A21D7DD63008A7900 /* GameScene.sks */; };
		52A90E3F21E2F18C00CC2643 /* DSLevel.m in Sources */ = {isa = PBXBuildFile; fileRef = 52E7604521D7EF440001F3A0 /* DSLevel.m */; };
		52A90E4521E2F23000CC2643 /* DSAppDelegate.m in Sources */ = {isa = PBXBuildFile; fileRef = 52F1208821D7DD63008A7900 /* DSAppDelegate.m */; };
		52A90E4621E2F23900CC2643 /* Actions.sks in Resources */ = {isa = PBXBuildFile; fileRef = 52F1208C21D7DD63008A7900 /* Actions.sks */; };
		52A90E5B21E2F78300CC2643 /* levels in Resources */ = {isa = PBXBuildFile; fileRef = 52A90E5921E2F78300CC2643 /* levels */; };
		52A90E5C21E2F78300CC2643 /* images in Resources */ = {isa = PBXBuildFile; fileRef = 52A90E5A21E2F78300CC2643 /* images */; };
		52C3FCE621EBD9C900AE268B /* Fonts in Resources */ = {isa = PBXBuildFile; fileRef = 52C3FCE521EBD9C900AE268B /* Fonts */; };
		52C3FCE721EBD9C900AE268B /* Fonts in Resources */ = {isa = PBXBuildFile; fileRef = 52C3FCE521EBD9C900AE268B /* Fonts */; };
		52E7604621D7EF440001F3A0 /* DSLevel.m in Sources */ = {isa = PBXBuildFile; fileRef = 52E7604521D7EF440001F3A0 /* DSLevel.m */; };
		52E7604821D7EF440001F3A0 /* DSLevel.m in Sources */ = {isa = PBXBuildFile; fileRef = 52E7604521D7EF440001F3A0 /* DSLevel.m */; };
		52E7605921D7F57B0001F3A0 /* DSLevelTest.m in Sources */ = {isa = PBXBuildFile; fileRef = 52E7605821D7F57B0001F3A0 /* DSLevelTest.m */; };
		52E7605E21D802A20001F3A0 /* DSLevelRegistry.m in Sources */ = {isa = PBXBuildFile; fileRef = 52E7605D21D802A20001F3A0 /* DSLevelRegistry.m */; };
		52E7606021D802A20001F3A0 /* DSLevelRegistry.m in Sources */ = {isa = PBXBuildFile; fileRef = 52E7605D21D802A20001F3A0 /* DSLevelRegistry.m */; };
		52E7606121D802A20001F3A0 /* DSLevelRegistry.m in Sources */ = {isa = PBXBuildFile; fileRef = 52E7605D21D802A20001F3A0 /* DSLevelRegistry.m */; };
		52EB04F921D8449B00F333AD /* DSLevelRegistryTest.m in Sources */ = {isa = PBXBuildFile; fileRef = 52EB04F821D8449B00F333AD /* DSLevelRegistryTest.m */; };
		52EB04FB21D8538300F333AD /* DynospriteCoreTest.m in Sources */ = {isa = PBXBuildFile; fileRef = 52EB04FA21D8538300F333AD /* DynospriteCoreTest.m */; };
		52F0574D2216323400CDC1DD /* DSViewController.m in Sources */ = {isa = PBXBuildFile; fileRef = 52F0574C2216323400CDC1DD /* DSViewController.m */; };
		52F0574E2216323400CDC1DD /* DSViewController.m in Sources */ = {isa = PBXBuildFile; fileRef = 52F0574C2216323400CDC1DD /* DSViewController.m */; };
		52F1208921D7DD63008A7900 /* DSAppDelegate.m in Sources */ = {isa = PBXBuildFile; fileRef = 52F1208821D7DD63008A7900 /* DSAppDelegate.m */; };
		52F1208B21D7DD63008A7900 /* GameScene.sks in Resources */ = {isa = PBXBuildFile; fileRef = 52F1208A21D7DD63008A7900 /* GameScene.sks */; };
		52F1208D21D7DD63008A7900 /* Actions.sks in Resources */ = {isa = PBXBuildFile; fileRef = 52F1208C21D7DD63008A7900 /* Actions.sks */; };
		52F1209021D7DD63008A7900 /* GameScene.m in Sources */ = {isa = PBXBuildFile; fileRef = 52F1208F21D7DD63008A7900 /* GameScene.m */; };
		52F1209521D7DD65008A7900 /* Assets.xcassets in Resources */ = {isa = PBXBuildFile; fileRef = 52F1209421D7DD65008A7900 /* Assets.xcassets */; };
		52F1209821D7DD65008A7900 /* Main.storyboard in Resources */ = {isa = PBXBuildFile; fileRef = 52F1209621D7DD65008A7900 /* Main.storyboard */; };
		52F1209B21D7DD65008A7900 /* main.m in Sources */ = {isa = PBXBuildFile; fileRef = 52F1209A21D7DD65008A7900 /* main.m */; };
		52F120B121D7DD65008A7900 /* DynospriteUITests.m in Sources */ = {isa = PBXBuildFile; fileRef = 52F120B021D7DD65008A7900 /* DynospriteUITests.m */; };
/* End PBXBuildFile section */

/* Begin PBXContainerItemProxy section */
		52E7605321D7F5410001F3A0 /* PBXContainerItemProxy */ = {
			isa = PBXContainerItemProxy;
			containerPortal = 52F1207C21D7DD63008A7900 /* Project object */;
			proxyType = 1;
			remoteGlobalIDString = 52F1208321D7DD63008A7900;
			remoteInfo = "Space Bandits";
		};
		52F120AD21D7DD65008A7900 /* PBXContainerItemProxy */ = {
			isa = PBXContainerItemProxy;
			containerPortal = 52F1207C21D7DD63008A7900 /* Project object */;
			proxyType = 1;
			remoteGlobalIDString = 52F1208321D7DD63008A7900;
			remoteInfo = "Space Bandits";
		};
/* End PBXContainerItemProxy section */

/* Begin PBXFileReference section */
		521A849921FCEE06006120E8 /* DSConfigFileParserTest.m */ = {isa = PBXFileReference; lastKnownFileType = sourcecode.c.objc; path = DSConfigFileParserTest.m; sourceTree = "<group>"; };
		521A849B21FCEE80006120E8 /* JSONDict.json */ = {isa = PBXFileReference; lastKnownFileType = text.json; path = JSONDict.json; sourceTree = "<group>"; };
		521A849D21FCEED2006120E8 /* JSONList.json */ = {isa = PBXFileReference; lastKnownFileType = text.json; path = JSONList.json; sourceTree = "<group>"; };
		521A849F21FCF626006120E8 /* JSONBad */ = {isa = PBXFileReference; lastKnownFileType = text; path = JSONBad; sourceTree = "<group>"; };
		521A84A621FE02BE006120E8 /* DSTransitionSceneController.h */ = {isa = PBXFileReference; lastKnownFileType = sourcecode.c.h; path = DSTransitionSceneController.h; sourceTree = "<group>"; };
		521A84A721FE02BE006120E8 /* DSTransitionSceneController.m */ = {isa = PBXFileReference; lastKnownFileType = sourcecode.c.objc; path = DSTransitionSceneController.m; sourceTree = "<group>"; };
		521A84B221FE07A8006120E8 /* DSTransitionSceneControllerTest.m */ = {isa = PBXFileReference; lastKnownFileType = sourcecode.c.objc; path = DSTransitionSceneControllerTest.m; sourceTree = "<group>"; };
		5227E72021E2DDA40092C947 /* DSInitScene.h */ = {isa = PBXFileReference; lastKnownFileType = sourcecode.c.h; path = DSInitScene.h; sourceTree = "<group>"; };
		524402DD21ED65CF00B02D38 /* DSTransitionScene.h */ = {isa = PBXFileReference; lastKnownFileType = sourcecode.c.h; path = DSTransitionScene.h; sourceTree = "<group>"; };
		524402DE21ED65CF00B02D38 /* DSTransitionScene.m */ = {isa = PBXFileReference; lastKnownFileType = sourcecode.c.objc; path = DSTransitionScene.m; sourceTree = "<group>"; };
		525FC91A22887A13007F4793 /* DSTransitionSceneControllerProtocol.h */ = {isa = PBXFileReference; lastKnownFileType = sourcecode.c.h; path = DSTransitionSceneControllerProtocol.h; sourceTree = "<group>"; };
		525FC91D22888202007F4793 /* DSSharedTransitionSceneController.h */ = {isa = PBXFileReference; lastKnownFileType = sourcecode.c.h; path = DSSharedTransitionSceneController.h; sourceTree = "<group>"; };
		525FC91E22888202007F4793 /* DSSharedTransitionSceneController.m */ = {isa = PBXFileReference; lastKnownFileType = sourcecode.c.objc; path = DSSharedTransitionSceneController.m; sourceTree = "<group>"; };
		527E7ACC21F016B90013E66A /* DSInitScene.m */ = {isa = PBXFileReference; fileEncoding = 4; lastKnownFileType = sourcecode.c.objc; path = DSInitScene.m; sourceTree = "<group>"; };
		52A90E2D21E2E71A00CC2643 /* LoadLevelScene.h */ = {isa = PBXFileReference; lastKnownFileType = sourcecode.c.h; path = LoadLevelScene.h; sourceTree = "<group>"; };
		52A90E2E21E2E71A00CC2643 /* LoadLevelScene.m */ = {isa = PBXFileReference; lastKnownFileType = sourcecode.c.objc; path = LoadLevelScene.m; sourceTree = "<group>"; };
		52A90E3221E2E8A700CC2643 /* DSConfigFileParser.h */ = {isa = PBXFileReference; lastKnownFileType = sourcecode.c.h; path = DSConfigFileParser.h; sourceTree = "<group>"; };
		52A90E3321E2E8A700CC2643 /* DSConfigFileParser.m */ = {isa = PBXFileReference; lastKnownFileType = sourcecode.c.objc; path = DSConfigFileParser.m; sourceTree = "<group>"; };
		52A90E5921E2F78300CC2643 /* levels */ = {isa = PBXFileReference; lastKnownFileType = folder; name = levels; path = ../../game/levels; sourceTree = "<group>"; };
		52A90E5A21E2F78300CC2643 /* images */ = {isa = PBXFileReference; lastKnownFileType = folder; name = images; path = ../../game/images; sourceTree = "<group>"; };
		52C3FCE521EBD9C900AE268B /* Fonts */ = {isa = PBXFileReference; lastKnownFileType = folder; path = Fonts; sourceTree = "<group>"; };
		52E7603721D7EC8F0001F3A0 /* coco.h */ = {isa = PBXFileReference; lastKnownFileType = sourcecode.c.h; path = coco.h; sourceTree = "<group>"; };
		52E7603821D7ECA70001F3A0 /* dynosprite.h */ = {isa = PBXFileReference; lastKnownFileType = sourcecode.c.h; path = dynosprite.h; sourceTree = "<group>"; };
		52E7604421D7EF440001F3A0 /* DSLevel.h */ = {isa = PBXFileReference; lastKnownFileType = sourcecode.c.h; path = DSLevel.h; sourceTree = "<group>"; };
		52E7604521D7EF440001F3A0 /* DSLevel.m */ = {isa = PBXFileReference; lastKnownFileType = sourcecode.c.objc; path = DSLevel.m; sourceTree = "<group>"; };
		52E7604E21D7F5410001F3A0 /* DynospriteCoreTests.xctest */ = {isa = PBXFileReference; explicitFileType = wrapper.cfbundle; includeInIndex = 0; path = DynospriteCoreTests.xctest; sourceTree = BUILT_PRODUCTS_DIR; };
		52E7605821D7F57B0001F3A0 /* DSLevelTest.m */ = {isa = PBXFileReference; lastKnownFileType = sourcecode.c.objc; path = DSLevelTest.m; sourceTree = "<group>"; };
		52E7605C21D802A20001F3A0 /* DSLevelRegistry.h */ = {isa = PBXFileReference; lastKnownFileType = sourcecode.c.h; path = DSLevelRegistry.h; sourceTree = "<group>"; };
		52E7605D21D802A20001F3A0 /* DSLevelRegistry.m */ = {isa = PBXFileReference; lastKnownFileType = sourcecode.c.objc; path = DSLevelRegistry.m; sourceTree = "<group>"; };
		52EB04F821D8449B00F333AD /* DSLevelRegistryTest.m */ = {isa = PBXFileReference; lastKnownFileType = sourcecode.c.objc; path = DSLevelRegistryTest.m; sourceTree = "<group>"; };
		52EB04FA21D8538300F333AD /* DynospriteCoreTest.m */ = {isa = PBXFileReference; lastKnownFileType = sourcecode.c.objc; path = DynospriteCoreTest.m; sourceTree = "<group>"; };
		52F0574B221631E300CDC1DD /* DSViewController.h */ = {isa = PBXFileReference; fileEncoding = 4; lastKnownFileType = sourcecode.c.h; path = DSViewController.h; sourceTree = "<group>"; };
		52F0574C2216323400CDC1DD /* DSViewController.m */ = {isa = PBXFileReference; fileEncoding = 4; lastKnownFileType = sourcecode.c.objc; path = DSViewController.m; sourceTree = "<group>"; };
		52F1208421D7DD63008A7900 /* Space Bandits.app */ = {isa = PBXFileReference; explicitFileType = wrapper.application; includeInIndex = 0; path = "Space Bandits.app"; sourceTree = BUILT_PRODUCTS_DIR; };
		52F1208721D7DD63008A7900 /* DSAppDelegate.h */ = {isa = PBXFileReference; lastKnownFileType = sourcecode.c.h; path = DSAppDelegate.h; sourceTree = "<group>"; };
		52F1208821D7DD63008A7900 /* DSAppDelegate.m */ = {isa = PBXFileReference; lastKnownFileType = sourcecode.c.objc; path = DSAppDelegate.m; sourceTree = "<group>"; };
		52F1208A21D7DD63008A7900 /* GameScene.sks */ = {isa = PBXFileReference; lastKnownFileType = file.sks; path = GameScene.sks; sourceTree = "<group>"; };
		52F1208C21D7DD63008A7900 /* Actions.sks */ = {isa = PBXFileReference; lastKnownFileType = file.sks; path = Actions.sks; sourceTree = "<group>"; };
		52F1208E21D7DD63008A7900 /* GameScene.h */ = {isa = PBXFileReference; lastKnownFileType = sourcecode.c.h; path = GameScene.h; sourceTree = "<group>"; };
		52F1208F21D7DD63008A7900 /* GameScene.m */ = {isa = PBXFileReference; lastKnownFileType = sourcecode.c.objc; path = GameScene.m; sourceTree = "<group>"; };
		52F1209421D7DD65008A7900 /* Assets.xcassets */ = {isa = PBXFileReference; lastKnownFileType = folder.assetcatalog; path = Assets.xcassets; sourceTree = "<group>"; };
		52F1209721D7DD65008A7900 /* Base */ = {isa = PBXFileReference; lastKnownFileType = file.storyboard; name = Base; path = Base.lproj/Main.storyboard; sourceTree = "<group>"; };
		52F1209921D7DD65008A7900 /* Info.plist */ = {isa = PBXFileReference; lastKnownFileType = text.plist.xml; path = Info.plist; sourceTree = "<group>"; };
		52F1209A21D7DD65008A7900 /* main.m */ = {isa = PBXFileReference; lastKnownFileType = sourcecode.c.objc; path = main.m; sourceTree = "<group>"; };
		52F1209C21D7DD65008A7900 /* Space_Bandits.entitlements */ = {isa = PBXFileReference; lastKnownFileType = text.plist.entitlements; path = Space_Bandits.entitlements; sourceTree = "<group>"; };
		52F120AC21D7DD65008A7900 /* DynospriteUITests.xctest */ = {isa = PBXFileReference; explicitFileType = wrapper.cfbundle; includeInIndex = 0; path = DynospriteUITests.xctest; sourceTree = BUILT_PRODUCTS_DIR; };
		52F120B021D7DD65008A7900 /* DynospriteUITests.m */ = {isa = PBXFileReference; lastKnownFileType = sourcecode.c.objc; path = DynospriteUITests.m; sourceTree = "<group>"; };
		52F120B221D7DD65008A7900 /* Info.plist */ = {isa = PBXFileReference; lastKnownFileType = text.plist.xml; path = Info.plist; sourceTree = "<group>"; };
/* End PBXFileReference section */

/* Begin PBXFrameworksBuildPhase section */
		52E7604B21D7F5410001F3A0 /* Frameworks */ = {
			isa = PBXFrameworksBuildPhase;
			buildActionMask = 2147483647;
			files = (
			);
			runOnlyForDeploymentPostprocessing = 0;
		};
		52F1208121D7DD63008A7900 /* Frameworks */ = {
			isa = PBXFrameworksBuildPhase;
			buildActionMask = 2147483647;
			files = (
			);
			runOnlyForDeploymentPostprocessing = 0;
		};
		52F120A921D7DD65008A7900 /* Frameworks */ = {
			isa = PBXFrameworksBuildPhase;
			buildActionMask = 2147483647;
			files = (
			);
			runOnlyForDeploymentPostprocessing = 0;
		};
/* End PBXFrameworksBuildPhase section */

/* Begin PBXGroup section */
		52E7603621D7EC6C0001F3A0 /* dynosprite */ = {
			isa = PBXGroup;
			children = (
				52C3FCE521EBD9C900AE268B /* Fonts */,
				52E7604321D7EF110001F3A0 /* src */,
				52E7603921D7ECB00001F3A0 /* include */,
			);
			path = dynosprite;
			sourceTree = "<group>";
		};
		52E7603921D7ECB00001F3A0 /* include */ = {
			isa = PBXGroup;
			children = (
				52E7603721D7EC8F0001F3A0 /* coco.h */,
				52E7603821D7ECA70001F3A0 /* dynosprite.h */,
			);
			path = include;
			sourceTree = "<group>";
		};
		52E7604321D7EF110001F3A0 /* src */ = {
			isa = PBXGroup;
			children = (
				527E7ACC21F016B90013E66A /* DSInitScene.m */,
				5227E72021E2DDA40092C947 /* DSInitScene.h */,
				52A90E2D21E2E71A00CC2643 /* LoadLevelScene.h */,
				52A90E2E21E2E71A00CC2643 /* LoadLevelScene.m */,
				52F1208721D7DD63008A7900 /* DSAppDelegate.h */,
				52F1208821D7DD63008A7900 /* DSAppDelegate.m */,
				52F1208A21D7DD63008A7900 /* GameScene.sks */,
				52F1208C21D7DD63008A7900 /* Actions.sks */,
				52F1208E21D7DD63008A7900 /* GameScene.h */,
				52F1208F21D7DD63008A7900 /* GameScene.m */,
				524402DD21ED65CF00B02D38 /* DSTransitionScene.h */,
				524402DE21ED65CF00B02D38 /* DSTransitionScene.m */,
				52F0574B221631E300CDC1DD /* DSViewController.h */,
				52F0574C2216323400CDC1DD /* DSViewController.m */,
				525FC91A22887A13007F4793 /* DSTransitionSceneControllerProtocol.h */,
				521A84A621FE02BE006120E8 /* DSTransitionSceneController.h */,
				521A84A721FE02BE006120E8 /* DSTransitionSceneController.m */,
				525FC91D22888202007F4793 /* DSSharedTransitionSceneController.h */,
				525FC91E22888202007F4793 /* DSSharedTransitionSceneController.m */,
				52E7604421D7EF440001F3A0 /* DSLevel.h */,
				52E7604521D7EF440001F3A0 /* DSLevel.m */,
				52E7605C21D802A20001F3A0 /* DSLevelRegistry.h */,
				52E7605D21D802A20001F3A0 /* DSLevelRegistry.m */,
				52A90E3221E2E8A700CC2643 /* DSConfigFileParser.h */,
				52A90E3321E2E8A700CC2643 /* DSConfigFileParser.m */,
			);
			path = src;
			sourceTree = "<group>";
		};
		52E7604921D7F4C50001F3A0 /* DynospriteCoreTests */ = {
			isa = PBXGroup;
			children = (
				52E7605A21D7F5960001F3A0 /* src */,
			);
			path = DynospriteCoreTests;
			sourceTree = "<group>";
		};
		52E7605A21D7F5960001F3A0 /* src */ = {
			isa = PBXGroup;
			children = (
				52E7605821D7F57B0001F3A0 /* DSLevelTest.m */,
				52EB04F821D8449B00F333AD /* DSLevelRegistryTest.m */,
				52EB04FA21D8538300F333AD /* DynospriteCoreTest.m */,
				521A849921FCEE06006120E8 /* DSConfigFileParserTest.m */,
				521A849B21FCEE80006120E8 /* JSONDict.json */,
				521A849D21FCEED2006120E8 /* JSONList.json */,
				521A849F21FCF626006120E8 /* JSONBad */,
				521A84B221FE07A8006120E8 /* DSTransitionSceneControllerTest.m */,
			);
			path = src;
			sourceTree = "<group>";
		};
		52F1207B21D7DD63008A7900 = {
			isa = PBXGroup;
			children = (
				52E7604921D7F4C50001F3A0 /* DynospriteCoreTests */,
				52F120AF21D7DD65008A7900 /* DynospriteUITests */,
				52E7603621D7EC6C0001F3A0 /* dynosprite */,
				52F1208621D7DD63008A7900 /* Space Bandits */,
				52F1208521D7DD63008A7900 /* Products */,
			);
			sourceTree = "<group>";
		};
		52F1208521D7DD63008A7900 /* Products */ = {
			isa = PBXGroup;
			children = (
				52F1208421D7DD63008A7900 /* Space Bandits.app */,
				52F120AC21D7DD65008A7900 /* DynospriteUITests.xctest */,
				52E7604E21D7F5410001F3A0 /* DynospriteCoreTests.xctest */,
			);
			name = Products;
			sourceTree = "<group>";
		};
		52F1208621D7DD63008A7900 /* Space Bandits */ = {
			isa = PBXGroup;
			children = (
				52A90E5A21E2F78300CC2643 /* images */,
				52A90E5921E2F78300CC2643 /* levels */,
				52F1209421D7DD65008A7900 /* Assets.xcassets */,
				52F1209621D7DD65008A7900 /* Main.storyboard */,
				52F1209921D7DD65008A7900 /* Info.plist */,
				52F1209A21D7DD65008A7900 /* main.m */,
				52F1209C21D7DD65008A7900 /* Space_Bandits.entitlements */,
			);
			path = "Space Bandits";
			sourceTree = "<group>";
		};
		52F120AF21D7DD65008A7900 /* DynospriteUITests */ = {
			isa = PBXGroup;
			children = (
				52F120B021D7DD65008A7900 /* DynospriteUITests.m */,
				52F120B221D7DD65008A7900 /* Info.plist */,
			);
			path = DynospriteUITests;
			sourceTree = "<group>";
		};
/* End PBXGroup section */

/* Begin PBXNativeTarget section */
		52E7604D21D7F5410001F3A0 /* DynospriteCoreTests */ = {
			isa = PBXNativeTarget;
			buildConfigurationList = 52E7605521D7F5410001F3A0 /* Build configuration list for PBXNativeTarget "DynospriteCoreTests" */;
			buildPhases = (
				52E7604A21D7F5410001F3A0 /* Sources */,
				52E7604B21D7F5410001F3A0 /* Frameworks */,
				52E7604C21D7F5410001F3A0 /* Resources */,
			);
			buildRules = (
			);
			dependencies = (
				52E7605421D7F5410001F3A0 /* PBXTargetDependency */,
			);
			name = DynospriteCoreTests;
			productName = DynospriteTests;
			productReference = 52E7604E21D7F5410001F3A0 /* DynospriteCoreTests.xctest */;
			productType = "com.apple.product-type.bundle.unit-test";
		};
		52F1208321D7DD63008A7900 /* Space Bandits */ = {
			isa = PBXNativeTarget;
			buildConfigurationList = 52F120B521D7DD65008A7900 /* Build configuration list for PBXNativeTarget "Space Bandits" */;
			buildPhases = (
				52F1208021D7DD63008A7900 /* Sources */,
				52F1208121D7DD63008A7900 /* Frameworks */,
				52F1208221D7DD63008A7900 /* Resources */,
			);
			buildRules = (
			);
			dependencies = (
			);
			name = "Space Bandits";
			productName = "Space Bandits";
			productReference = 52F1208421D7DD63008A7900 /* Space Bandits.app */;
			productType = "com.apple.product-type.application";
		};
		52F120AB21D7DD65008A7900 /* DynospriteUITests */ = {
			isa = PBXNativeTarget;
			buildConfigurationList = 52F120BB21D7DD65008A7900 /* Build configuration list for PBXNativeTarget "DynospriteUITests" */;
			buildPhases = (
				52F120A821D7DD65008A7900 /* Sources */,
				52F120A921D7DD65008A7900 /* Frameworks */,
				52F120AA21D7DD65008A7900 /* Resources */,
			);
			buildRules = (
			);
			dependencies = (
				52F120AE21D7DD65008A7900 /* PBXTargetDependency */,
			);
			name = DynospriteUITests;
			productName = "Space BanditsUITests";
			productReference = 52F120AC21D7DD65008A7900 /* DynospriteUITests.xctest */;
			productType = "com.apple.product-type.bundle.ui-testing";
		};
/* End PBXNativeTarget section */

/* Begin PBXProject section */
		52F1207C21D7DD63008A7900 /* Project object */ = {
			isa = PBXProject;
			attributes = {
				LastUpgradeCheck = 1010;
				ORGANIZATIONNAME = "Jamie Cho";
				TargetAttributes = {
					52E7604D21D7F5410001F3A0 = {
						CreatedOnToolsVersion = 10.1;
						TestTargetID = 52F1208321D7DD63008A7900;
					};
					52F1208321D7DD63008A7900 = {
						CreatedOnToolsVersion = 10.1;
					};
					52F120AB21D7DD65008A7900 = {
						CreatedOnToolsVersion = 10.1;
						TestTargetID = 52F1208321D7DD63008A7900;
					};
				};
			};
			buildConfigurationList = 52F1207F21D7DD63008A7900 /* Build configuration list for PBXProject "Space Bandits" */;
			compatibilityVersion = "Xcode 10.0";
			developmentRegion = en;
			hasScannedForEncodings = 0;
			knownRegions = (
				en,
				Base,
			);
			mainGroup = 52F1207B21D7DD63008A7900;
			productRefGroup = 52F1208521D7DD63008A7900 /* Products */;
			projectDirPath = "";
			projectRoot = "";
			targets = (
				52F1208321D7DD63008A7900 /* Space Bandits */,
				52F120AB21D7DD65008A7900 /* DynospriteUITests */,
				52E7604D21D7F5410001F3A0 /* DynospriteCoreTests */,
			);
		};
/* End PBXProject section */

/* Begin PBXResourcesBuildPhase section */
		52E7604C21D7F5410001F3A0 /* Resources */ = {
			isa = PBXResourcesBuildPhase;
			buildActionMask = 2147483647;
			files = (
				521A84A021FCF626006120E8 /* JSONBad in Resources */,
				521A849C21FCEE80006120E8 /* JSONDict.json in Resources */,
				521A849E21FCEED2006120E8 /* JSONList.json in Resources */,
			);
			runOnlyForDeploymentPostprocessing = 0;
		};
		52F1208221D7DD63008A7900 /* Resources */ = {
			isa = PBXResourcesBuildPhase;
			buildActionMask = 2147483647;
			files = (
				52A90E5C21E2F78300CC2643 /* images in Resources */,
				52A90E5B21E2F78300CC2643 /* levels in Resources */,
				52F1208B21D7DD63008A7900 /* GameScene.sks in Resources */,
				52F1209521D7DD65008A7900 /* Assets.xcassets in Resources */,
				52F1208D21D7DD63008A7900 /* Actions.sks in Resources */,
				52F1209821D7DD65008A7900 /* Main.storyboard in Resources */,
				52C3FCE621EBD9C900AE268B /* Fonts in Resources */,
			);
			runOnlyForDeploymentPostprocessing = 0;
		};
		52F120AA21D7DD65008A7900 /* Resources */ = {
			isa = PBXResourcesBuildPhase;
			buildActionMask = 2147483647;
			files = (
				52A90E4621E2F23900CC2643 /* Actions.sks in Resources */,
				52A90E3E21E2F17D00CC2643 /* GameScene.sks in Resources */,
				52C3FCE721EBD9C900AE268B /* Fonts in Resources */,
			);
			runOnlyForDeploymentPostprocessing = 0;
		};
/* End PBXResourcesBuildPhase section */

/* Begin PBXSourcesBuildPhase section */
		52E7604A21D7F5410001F3A0 /* Sources */ = {
			isa = PBXSourcesBuildPhase;
			buildActionMask = 2147483647;
			files = (
				521A84AF21FE0748006120E8 /* DSInitScene.m in Sources */,
				52EB04F921D8449B00F333AD /* DSLevelRegistryTest.m in Sources */,
				521A84AE21FE0748006120E8 /* LoadLevelScene.m in Sources */,
				521A849A21FCEE06006120E8 /* DSConfigFileParserTest.m in Sources */,
				521A84AC21FE0748006120E8 /* DSTransitionSceneController.m in Sources */,
				521A84B021FE0748006120E8 /* DSAppDelegate.m in Sources */,
				521A84B121FE0748006120E8 /* GameScene.m in Sources */,
				52A90E3F21E2F18C00CC2643 /* DSLevel.m in Sources */,
				52E7606121D802A20001F3A0 /* DSLevelRegistry.m in Sources */,
				52EB04FB21D8538300F333AD /* DynospriteCoreTest.m in Sources */,
				52E7605921D7F57B0001F3A0 /* DSLevelTest.m in Sources */,
				521A84B321FE07A8006120E8 /* DSTransitionSceneControllerTest.m in Sources */,
				521A84AA21FE0748006120E8 /* DSTransitionScene.m in Sources */,
				52A90E3721E2E8A700CC2643 /* DSConfigFileParser.m in Sources */,
				525FC92122888202007F4793 /* DSSharedTransitionSceneController.m in Sources */,
			);
			runOnlyForDeploymentPostprocessing = 0;
		};
		52F1208021D7DD63008A7900 /* Sources */ = {
			isa = PBXSourcesBuildPhase;
			buildActionMask = 2147483647;
			files = (
				52A90E2F21E2E71A00CC2643 /* LoadLevelScene.m in Sources */,
				527E7ACD21F016B90013E66A /* DSInitScene.m in Sources */,
				524402DF21ED65CF00B02D38 /* DSTransitionScene.m in Sources */,
				52F0574D2216323400CDC1DD /* DSViewController.m in Sources */,
				521A84A821FE02BE006120E8 /* DSTransitionSceneController.m in Sources */,
				525FC91F22888202007F4793 /* DSSharedTransitionSceneController.m in Sources */,
				52E7605E21D802A20001F3A0 /* DSLevelRegistry.m in Sources */,
				52A90E3421E2E8A700CC2643 /* DSConfigFileParser.m in Sources */,
				52F1209021D7DD63008A7900 /* GameScene.m in Sources */,
				52E7604621D7EF440001F3A0 /* DSLevel.m in Sources */,
				52F1209B21D7DD65008A7900 /* main.m in Sources */,
				52F1208921D7DD63008A7900 /* DSAppDelegate.m in Sources */,
			);
			runOnlyForDeploymentPostprocessing = 0;
		};
		52F120A821D7DD65008A7900 /* Sources */ = {
			isa = PBXSourcesBuildPhase;
			buildActionMask = 2147483647;
			files = (
				52E7606021D802A20001F3A0 /* DSLevelRegistry.m in Sources */,
				52A90E3021E2E71A00CC2643 /* LoadLevelScene.m in Sources */,
				527E7ACE21F016B90013E66A /* DSInitScene.m in Sources */,
				52F0574E2216323400CDC1DD /* DSViewController.m in Sources */,
				521A84A921FE02BE006120E8 /* DSTransitionSceneController.m in Sources */,
				525FC92022888202007F4793 /* DSSharedTransitionSceneController.m in Sources */,
				524402E021ED65CF00B02D38 /* DSTransitionScene.m in Sources */,
				52A90E3C21E2F11100CC2643 /* GameScene.m in Sources */,
				52A90E4521E2F23000CC2643 /* DSAppDelegate.m in Sources */,
				52A90E3621E2E8A700CC2643 /* DSConfigFileParser.m in Sources */,
				52E7604821D7EF440001F3A0 /* DSLevel.m in Sources */,
				52F120B121D7DD65008A7900 /* DynospriteUITests.m in Sources */,
			);
			runOnlyForDeploymentPostprocessing = 0;
		};
/* End PBXSourcesBuildPhase section */

/* Begin PBXTargetDependency section */
		52E7605421D7F5410001F3A0 /* PBXTargetDependency */ = {
			isa = PBXTargetDependency;
			target = 52F1208321D7DD63008A7900 /* Space Bandits */;
			targetProxy = 52E7605321D7F5410001F3A0 /* PBXContainerItemProxy */;
		};
		52F120AE21D7DD65008A7900 /* PBXTargetDependency */ = {
			isa = PBXTargetDependency;
			target = 52F1208321D7DD63008A7900 /* Space Bandits */;
			targetProxy = 52F120AD21D7DD65008A7900 /* PBXContainerItemProxy */;
		};
/* End PBXTargetDependency section */

/* Begin PBXVariantGroup section */
		52F1209621D7DD65008A7900 /* Main.storyboard */ = {
			isa = PBXVariantGroup;
			children = (
				52F1209721D7DD65008A7900 /* Base */,
			);
			name = Main.storyboard;
			sourceTree = "<group>";
		};
/* End PBXVariantGroup section */

/* Begin XCBuildConfiguration section */
		52E7605621D7F5410001F3A0 /* Debug */ = {
			isa = XCBuildConfiguration;
			buildSettings = {
				BUNDLE_LOADER = "$(TEST_HOST)";
				CODE_SIGN_STYLE = Automatic;
				COMBINE_HIDPI_IMAGES = YES;
				HEADER_SEARCH_PATHS = "$(SRCROOT)/dynosprite/include";
				INFOPLIST_FILE = DynospriteCoreTests/Info.plist;
				LD_RUNPATH_SEARCH_PATHS = (
					"$(inherited)",
					"@executable_path/../Frameworks",
					"@loader_path/../Frameworks",
				);
				PRODUCT_BUNDLE_IDENTIFIER = com.jamiecho.DynospriteCoreTests;
				PRODUCT_NAME = "$(TARGET_NAME)";
				TEST_HOST = "$(BUILT_PRODUCTS_DIR)/Space Bandits.app/Contents/MacOS/Space Bandits";
				USER_HEADER_SEARCH_PATHS = (
					"$(SRCROOT)/dynosprite/src",
					"$(SRCROOT)/dynosprite/include",
				);
			};
			name = Debug;
		};
		52E7605721D7F5410001F3A0 /* Release */ = {
			isa = XCBuildConfiguration;
			buildSettings = {
				BUNDLE_LOADER = "$(TEST_HOST)";
				CODE_SIGN_STYLE = Automatic;
				COMBINE_HIDPI_IMAGES = YES;
				HEADER_SEARCH_PATHS = "$(SRCROOT)/dynosprite/include";
				INFOPLIST_FILE = DynospriteCoreTests/Info.plist;
				LD_RUNPATH_SEARCH_PATHS = (
					"$(inherited)",
					"@executable_path/../Frameworks",
					"@loader_path/../Frameworks",
				);
				PRODUCT_BUNDLE_IDENTIFIER = com.jamiecho.DynospriteCoreTests;
				PRODUCT_NAME = "$(TARGET_NAME)";
				TEST_HOST = "$(BUILT_PRODUCTS_DIR)/Space Bandits.app/Contents/MacOS/Space Bandits";
				USER_HEADER_SEARCH_PATHS = (
					"$(SRCROOT)/dynosprite/src",
					"$(SRCROOT)/dynosprite/include",
				);
			};
			name = Release;
		};
		52F120B321D7DD65008A7900 /* Debug */ = {
			isa = XCBuildConfiguration;
			buildSettings = {
				ALWAYS_SEARCH_USER_PATHS = NO;
				CLANG_ANALYZER_NONNULL = YES;
				CLANG_ANALYZER_NUMBER_OBJECT_CONVERSION = YES_AGGRESSIVE;
				CLANG_CXX_LANGUAGE_STANDARD = "gnu++14";
				CLANG_CXX_LIBRARY = "libc++";
				CLANG_ENABLE_MODULES = YES;
				CLANG_ENABLE_OBJC_ARC = YES;
				CLANG_ENABLE_OBJC_WEAK = YES;
				CLANG_WARN_BLOCK_CAPTURE_AUTORELEASING = YES;
				CLANG_WARN_BOOL_CONVERSION = YES;
				CLANG_WARN_COMMA = YES;
				CLANG_WARN_CONSTANT_CONVERSION = YES;
				CLANG_WARN_DEPRECATED_OBJC_IMPLEMENTATIONS = YES;
				CLANG_WARN_DIRECT_OBJC_ISA_USAGE = YES_ERROR;
				CLANG_WARN_DOCUMENTATION_COMMENTS = YES;
				CLANG_WARN_EMPTY_BODY = YES;
				CLANG_WARN_ENUM_CONVERSION = YES;
				CLANG_WARN_INFINITE_RECURSION = YES;
				CLANG_WARN_INT_CONVERSION = YES;
				CLANG_WARN_NON_LITERAL_NULL_CONVERSION = YES;
				CLANG_WARN_OBJC_IMPLICIT_RETAIN_SELF = YES;
				CLANG_WARN_OBJC_LITERAL_CONVERSION = YES;
				CLANG_WARN_OBJC_ROOT_CLASS = YES_ERROR;
				CLANG_WARN_RANGE_LOOP_ANALYSIS = YES;
				CLANG_WARN_STRICT_PROTOTYPES = YES;
				CLANG_WARN_SUSPICIOUS_MOVE = YES;
				CLANG_WARN_UNGUARDED_AVAILABILITY = YES_AGGRESSIVE;
				CLANG_WARN_UNREACHABLE_CODE = YES;
				CLANG_WARN__DUPLICATE_METHOD_MATCH = YES;
				CODE_SIGN_IDENTITY = "-";
				COPY_PHASE_STRIP = NO;
				DEBUG_INFORMATION_FORMAT = dwarf;
				ENABLE_STRICT_OBJC_MSGSEND = YES;
				ENABLE_TESTABILITY = YES;
				GCC_C_LANGUAGE_STANDARD = gnu11;
				GCC_DYNAMIC_NO_PIC = NO;
				GCC_NO_COMMON_BLOCKS = YES;
				GCC_OPTIMIZATION_LEVEL = 0;
				GCC_PREPROCESSOR_DEFINITIONS = (
					"DEBUG=1",
					"$(inherited)",
				);
				GCC_WARN_64_TO_32_BIT_CONVERSION = YES;
				GCC_WARN_ABOUT_RETURN_TYPE = YES_ERROR;
				GCC_WARN_UNDECLARED_SELECTOR = YES;
				GCC_WARN_UNINITIALIZED_AUTOS = YES_AGGRESSIVE;
				GCC_WARN_UNUSED_FUNCTION = YES;
				GCC_WARN_UNUSED_VARIABLE = YES;
				MACOSX_DEPLOYMENT_TARGET = 10.14;
				MTL_ENABLE_DEBUG_INFO = INCLUDE_SOURCE;
				MTL_FAST_MATH = YES;
				ONLY_ACTIVE_ARCH = YES;
				SDKROOT = macosx;
			};
			name = Debug;
		};
		52F120B421D7DD65008A7900 /* Release */ = {
			isa = XCBuildConfiguration;
			buildSettings = {
				ALWAYS_SEARCH_USER_PATHS = NO;
				CLANG_ANALYZER_NONNULL = YES;
				CLANG_ANALYZER_NUMBER_OBJECT_CONVERSION = YES_AGGRESSIVE;
				CLANG_CXX_LANGUAGE_STANDARD = "gnu++14";
				CLANG_CXX_LIBRARY = "libc++";
				CLANG_ENABLE_MODULES = YES;
				CLANG_ENABLE_OBJC_ARC = YES;
				CLANG_ENABLE_OBJC_WEAK = YES;
				CLANG_WARN_BLOCK_CAPTURE_AUTORELEASING = YES;
				CLANG_WARN_BOOL_CONVERSION = YES;
				CLANG_WARN_COMMA = YES;
				CLANG_WARN_CONSTANT_CONVERSION = YES;
				CLANG_WARN_DEPRECATED_OBJC_IMPLEMENTATIONS = YES;
				CLANG_WARN_DIRECT_OBJC_ISA_USAGE = YES_ERROR;
				CLANG_WARN_DOCUMENTATION_COMMENTS = YES;
				CLANG_WARN_EMPTY_BODY = YES;
				CLANG_WARN_ENUM_CONVERSION = YES;
				CLANG_WARN_INFINITE_RECURSION = YES;
				CLANG_WARN_INT_CONVERSION = YES;
				CLANG_WARN_NON_LITERAL_NULL_CONVERSION = YES;
				CLANG_WARN_OBJC_IMPLICIT_RETAIN_SELF = YES;
				CLANG_WARN_OBJC_LITERAL_CONVERSION = YES;
				CLANG_WARN_OBJC_ROOT_CLASS = YES_ERROR;
				CLANG_WARN_RANGE_LOOP_ANALYSIS = YES;
				CLANG_WARN_STRICT_PROTOTYPES = YES;
				CLANG_WARN_SUSPICIOUS_MOVE = YES;
				CLANG_WARN_UNGUARDED_AVAILABILITY = YES_AGGRESSIVE;
				CLANG_WARN_UNREACHABLE_CODE = YES;
				CLANG_WARN__DUPLICATE_METHOD_MATCH = YES;
				CODE_SIGN_IDENTITY = "-";
				COPY_PHASE_STRIP = NO;
				DEBUG_INFORMATION_FORMAT = "dwarf-with-dsym";
				ENABLE_NS_ASSERTIONS = NO;
				ENABLE_STRICT_OBJC_MSGSEND = YES;
				GCC_C_LANGUAGE_STANDARD = gnu11;
				GCC_NO_COMMON_BLOCKS = YES;
				GCC_WARN_64_TO_32_BIT_CONVERSION = YES;
				GCC_WARN_ABOUT_RETURN_TYPE = YES_ERROR;
				GCC_WARN_UNDECLARED_SELECTOR = YES;
				GCC_WARN_UNINITIALIZED_AUTOS = YES_AGGRESSIVE;
				GCC_WARN_UNUSED_FUNCTION = YES;
				GCC_WARN_UNUSED_VARIABLE = YES;
				MACOSX_DEPLOYMENT_TARGET = 10.14;
				MTL_ENABLE_DEBUG_INFO = NO;
				MTL_FAST_MATH = YES;
				SDKROOT = macosx;
			};
			name = Release;
		};
		52F120B621D7DD65008A7900 /* Debug */ = {
			isa = XCBuildConfiguration;
			buildSettings = {
				ASSETCATALOG_COMPILER_APPICON_NAME = AppIcon;
				CODE_SIGN_ENTITLEMENTS = "Space Bandits/Space_Bandits.entitlements";
				CODE_SIGN_STYLE = Automatic;
				COMBINE_HIDPI_IMAGES = YES;
				HEADER_SEARCH_PATHS = "$(SRCROOT)/dynosprite/include";
				INFOPLIST_FILE = "Space Bandits/Info.plist";
				LD_RUNPATH_SEARCH_PATHS = (
					"$(inherited)",
					"@executable_path/../Frameworks",
				);
				PRODUCT_BUNDLE_IDENTIFIER = "com.jamiecho.Space-Bandits";
				PRODUCT_NAME = "$(TARGET_NAME)";
				USER_HEADER_SEARCH_PATHS = "";
			};
			name = Debug;
		};
		52F120B721D7DD65008A7900 /* Release */ = {
			isa = XCBuildConfiguration;
			buildSettings = {
				ASSETCATALOG_COMPILER_APPICON_NAME = AppIcon;
				CODE_SIGN_ENTITLEMENTS = "Space Bandits/Space_Bandits.entitlements";
				CODE_SIGN_STYLE = Automatic;
				COMBINE_HIDPI_IMAGES = YES;
				HEADER_SEARCH_PATHS = "$(SRCROOT)/dynosprite/include";
				INFOPLIST_FILE = "Space Bandits/Info.plist";
				LD_RUNPATH_SEARCH_PATHS = (
					"$(inherited)",
					"@executable_path/../Frameworks",
				);
				PRODUCT_BUNDLE_IDENTIFIER = "com.jamiecho.Space-Bandits";
				PRODUCT_NAME = "$(TARGET_NAME)";
				USER_HEADER_SEARCH_PATHS = "";
			};
			name = Release;
		};
		52F120BC21D7DD65008A7900 /* Debug */ = {
			isa = XCBuildConfiguration;
			buildSettings = {
				CODE_SIGN_STYLE = Automatic;
				COMBINE_HIDPI_IMAGES = YES;
				HEADER_SEARCH_PATHS = "$(SRCROOT)/dynosprite/include";
				INFOPLIST_FILE = DynospriteUITests/Info.plist;
				LD_RUNPATH_SEARCH_PATHS = (
					"$(inherited)",
					"@executable_path/../Frameworks",
					"@loader_path/../Frameworks",
				);
				PRODUCT_BUNDLE_IDENTIFIER = com.jamiecho.DynospriteUITests;
				PRODUCT_NAME = "$(TARGET_NAME)";
				TEST_TARGET_NAME = "Space Bandits";
			};
			name = Debug;
		};
		52F120BD21D7DD65008A7900 /* Release */ = {
			isa = XCBuildConfiguration;
			buildSettings = {
				CODE_SIGN_STYLE = Automatic;
				COMBINE_HIDPI_IMAGES = YES;
				HEADER_SEARCH_PATHS = "$(SRCROOT)/dynosprite/include";
				INFOPLIST_FILE = DynospriteUITests/Info.plist;
				LD_RUNPATH_SEARCH_PATHS = (
					"$(inherited)",
					"@executable_path/../Frameworks",
					"@loader_path/../Frameworks",
				);
				PRODUCT_BUNDLE_IDENTIFIER = com.jamiecho.DynospriteUITests;
				PRODUCT_NAME = "$(TARGET_NAME)";
				TEST_TARGET_NAME = "Space Bandits";
			};
			name = Release;
		};
/* End XCBuildConfiguration section */

/* Begin XCConfigurationList section */
		52E7605521D7F5410001F3A0 /* Build configuration list for PBXNativeTarget "DynospriteCoreTests" */ = {
			isa = XCConfigurationList;
			buildConfigurations = (
				52E7605621D7F5410001F3A0 /* Debug */,
				52E7605721D7F5410001F3A0 /* Release */,
			);
			defaultConfigurationIsVisible = 0;
			defaultConfigurationName = Release;
		};
		52F1207F21D7DD63008A7900 /* Build configuration list for PBXProject "Space Bandits" */ = {
			isa = XCConfigurationList;
			buildConfigurations = (
				52F120B321D7DD65008A7900 /* Debug */,
				52F120B421D7DD65008A7900 /* Release */,
			);
			defaultConfigurationIsVisible = 0;
			defaultConfigurationName = Release;
		};
		52F120B521D7DD65008A7900 /* Build configuration list for PBXNativeTarget "Space Bandits" */ = {
			isa = XCConfigurationList;
			buildConfigurations = (
				52F120B621D7DD65008A7900 /* Debug */,
				52F120B721D7DD65008A7900 /* Release */,
			);
			defaultConfigurationIsVisible = 0;
			defaultConfigurationName = Release;
		};
		52F120BB21D7DD65008A7900 /* Build configuration list for PBXNativeTarget "DynospriteUITests" */ = {
			isa = XCConfigurationList;
			buildConfigurations = (
				52F120BC21D7DD65008A7900 /* Debug */,
				52F120BD21D7DD65008A7900 /* Release */,
			);
			defaultConfigurationIsVisible = 0;
			defaultConfigurationName = Release;
		};
/* End XCConfigurationList section */
	};
	rootObject = 52F1207C21D7DD63008A7900 /* Project object */;
}
